
Microsoft Visual Studio Solution File, Format Version 12.00
# Visual Studio Version 17
VisualStudioVersion = 17.3.32922.545
MinimumVisualStudioVersion = 10.0.40219.1
Project("{FAE04EC0-301F-11D3-BF4B-00C04F79EFBC}") = "Api", "Api\Api.csproj", "{29A226FF-78B4-4456-ACB1-FE00FF6883B4}"
EndProject
Project("{FAE04EC0-301F-11D3-BF4B-00C04F79EFBC}") = "MinApi", "MinApi\MinApi.csproj", "{EBB05D48-671E-42BB-8FC6-8C1121A746AE}"
EndProject
Project("{FAE04EC0-301F-11D3-BF4B-00C04F79EFBC}") = "MVC", "MVC\MVC.csproj", "{1C27C0CA-73DD-49A4-B213-8A3EDA0EE9D6}"
EndProject
Global
	GlobalSection(SolutionConfigurationPlatforms) = preSolution
		Debug|Any CPU = Debug|Any CPU
		Release|Any CPU = Release|Any CPU
	EndGlobalSection
	GlobalSection(ProjectConfigurationPlatforms) = postSolution
		{29A226FF-78B4-4456-ACB1-FE00FF6883B4}.Debug|Any CPU.ActiveCfg = Debug|Any CPU
		{29A226FF-78B4-4456-ACB1-FE00FF6883B4}.Debug|Any CPU.Build.0 = Debug|Any CPU
		{29A226FF-78B4-4456-ACB1-FE00FF6883B4}.Release|Any CPU.ActiveCfg = Release|Any CPU
		{29A226FF-78B4-4456-ACB1-FE00FF6883B4}.Release|Any CPU.Build.0 = Release|Any CPU
		{EBB05D48-671E-42BB-8FC6-8C1121A746AE}.Debug|Any CPU.ActiveCfg = Debug|Any CPU
		{EBB05D48-671E-42BB-8FC6-8C1121A746AE}.Debug|Any CPU.Build.0 = Debug|Any CPU
		{EBB05D48-671E-42BB-8FC6-8C1121A746AE}.Release|Any CPU.ActiveCfg = Release|Any CPU
		{EBB05D48-671E-42BB-8FC6-8C1121A746AE}.Release|Any CPU.Build.0 = Release|Any CPU
		{1C27C0CA-73DD-49A4-B213-8A3EDA0EE9D6}.Debug|Any CPU.ActiveCfg = Debug|Any CPU
		{1C27C0CA-73DD-49A4-B213-8A3EDA0EE9D6}.Debug|Any CPU.Build.0 = Debug|Any CPU
		{1C27C0CA-73DD-49A4-B213-8A3EDA0EE9D6}.Release|Any CPU.ActiveCfg = Release|Any CPU
		{1C27C0CA-73DD-49A4-B213-8A3EDA0EE9D6}.Release|Any CPU.Build.0 = Release|Any CPU
	EndGlobalSection
	GlobalSection(SolutionProperties) = preSolution
		HideSolutionNode = FALSE
	EndGlobalSection
	GlobalSection(ExtensibilityGlobals) = postSolution
		SolutionGuid = {8602EB81-79FD-4FA9-BA9B-ADF3CCECA3C6}
	EndGlobalSection
EndGlobal
